<Solution>
  <Folder Name="/src/">
    <Project Path="src/JevBrowse.AgentGateway/JevBrowse.AgentGateway.csproj" />
    <Project Path="src/JevBrowse.App/JevBrowse.App.csproj">
      <Platform Project="x64" />
    </Project>
    <Project Path="src/JevBrowse.Brain/JevBrowse.Brain.csproj" />
    <Project Path="src/JevBrowse.DevSpace/JevBrowse.DevSpace.csproj" />
    <Project Path="src/JevBrowse.Diagnostics/JevBrowse.Diagnostics.csproj" />
    <Project Path="src/JevBrowse.Domain/JevBrowse.Domain.csproj" />
    <Project Path="src/JevBrowse.Memory/JevBrowse.Memory.csproj" />
    <Project Path="src/JevBrowse.Renderer.Abstractions/JevBrowse.Renderer.Abstractions.csproj" />
    <Project Path="src/JevBrowse.ResourceOS/JevBrowse.ResourceOS.csproj" />
    <Project Path="src/JevBrowse.Shield/JevBrowse.Shield.csproj" />
    <Project Path="src/JevBrowse.Storage/JevBrowse.Storage.csproj" />
    <Project Path="src/JevBrowse.TrustOS/JevBrowse.TrustOS.csproj" />
    <Project Path="src/JevBrowse.VirtualTabs/JevBrowse.VirtualTabs.csproj" />
  </Folder>
  <Folder Name="/tests/" />
  <Folder Name="/tests/Tools/">
    <Project Path="tests/Tools/CrashHarness/CrashHarness.csproj" />
  </Folder>
  <Folder Name="/tests/Unit/">
    <Project Path="tests/Unit/JevBrowse.AgentGateway.Tests/JevBrowse.AgentGateway.Tests.csproj" />
    <Project Path="tests/Unit/JevBrowse.Brain.Tests/JevBrowse.Brain.Tests.csproj" />
    <Project Path="tests/Unit/JevBrowse.DevSpace.Tests/JevBrowse.DevSpace.Tests.csproj" />
    <Project Path="tests/Unit/JevBrowse.Domain.Tests/JevBrowse.Domain.Tests.csproj" />
    <Project Path="tests/Unit/JevBrowse.Kernel.Tests/JevBrowse.Kernel.Tests.csproj" />
    <Project Path="tests/Unit/JevBrowse.Memory.Tests/JevBrowse.Memory.Tests.csproj" />
    <Project Path="tests/Unit/JevBrowse.ResourceOS.Tests/JevBrowse.ResourceOS.Tests.csproj" />
    <Project Path="tests/Unit/JevBrowse.Shield.Tests/JevBrowse.Shield.Tests.csproj" />
    <Project Path="tests/Unit/JevBrowse.TrustOS.Tests/JevBrowse.TrustOS.Tests.csproj" />
  </Folder>
</Solution>
